
Microsoft Visual Studio Solution File, Format Version 12.00
# Visual Studio Version 16
VisualStudioVersion = 16.0.30204.135
MinimumVisualStudioVersion = 10.0.40219.1
Project("{FAE04EC0-301F-11D3-BF4B-00C04F79EFBC}") = "JoaoLuizDevAdmin", "JoaoLuizDevAdmin\JoaoLuizDevAdmin.csproj", "{F3FCFE8B-552A-4B12-9EA9-E1A9BD78EEC3}"
EndProject
Project("{FAE04EC0-301F-11D3-BF4B-00C04F79EFBC}") = "JoaoLuizDev", "JoaoLuizDev\JoaoLuizDev.csproj", "{D6E4E305-7D29-4B81-AF2F-1FD543F79E88}"
EndProject
Global
	GlobalSection(SolutionConfigurationPlatforms) = preSolution
		Debug|Any CPU = Debug|Any CPU
		Release|Any CPU = Release|Any CPU
	EndGlobalSection
	GlobalSection(ProjectConfigurationPlatforms) = postSolution
		{F3FCFE8B-552A-4B12-9EA9-E1A9BD78EEC3}.Debug|Any CPU.ActiveCfg = Debug|Any CPU
		{F3FCFE8B-552A-4B12-9EA9-E1A9BD78EEC3}.Debug|Any CPU.Build.0 = Debug|Any CPU
		{F3FCFE8B-552A-4B12-9EA9-E1A9BD78EEC3}.Release|Any CPU.ActiveCfg = Release|Any CPU
		{F3FCFE8B-552A-4B12-9EA9-E1A9BD78EEC3}.Release|Any CPU.Build.0 = Release|Any CPU
		{D6E4E305-7D29-4B81-AF2F-1FD543F79E88}.Debug|Any CPU.ActiveCfg = Debug|Any CPU
		{D6E4E305-7D29-4B81-AF2F-1FD543F79E88}.Debug|Any CPU.Build.0 = Debug|Any CPU
		{D6E4E305-7D29-4B81-AF2F-1FD543F79E88}.Release|Any CPU.ActiveCfg = Release|Any CPU
		{D6E4E305-7D29-4B81-AF2F-1FD543F79E88}.Release|Any CPU.Build.0 = Release|Any CPU
	EndGlobalSection
	GlobalSection(SolutionProperties) = preSolution
		HideSolutionNode = FALSE
	EndGlobalSection
	GlobalSection(ExtensibilityGlobals) = postSolution
		SolutionGuid = {2E64671E-D890-4C26-9F45-029E8B131F59}
	EndGlobalSection
EndGlobal
