
Microsoft Visual Studio Solution File, Format Version 12.00
# Visual Studio Version 16
VisualStudioVersion = 16.0.30204.135
MinimumVisualStudioVersion = 10.0.40219.1
Project("{9A19103F-16F7-4668-BE54-9A1E7A4F7556}") = "JoaoLuizDev", "JoaoLuizDev\JoaoLuizDev.csproj", "{D6E4E305-7D29-4B81-AF2F-1FD543F79E88}"
EndProject
Global
	GlobalSection(SolutionConfigurationPlatforms) = preSolution
		Debug|Any CPU = Debug|Any CPU
		Release|Any CPU = Release|Any CPU
	EndGlobalSection
	GlobalSection(ProjectConfigurationPlatforms) = postSolution
		{D6E4E305-7D29-4B81-AF2F-1FD543F79E88}.Debug|Any CPU.ActiveCfg = Debug|Any CPU
		{D6E4E305-7D29-4B81-AF2F-1FD543F79E88}.Debug|Any CPU.Build.0 = Debug|Any CPU
		{D6E4E305-7D29-4B81-AF2F-1FD543F79E88}.Release|Any CPU.ActiveCfg = Release|Any CPU
		{D6E4E305-7D29-4B81-AF2F-1FD543F79E88}.Release|Any CPU.Build.0 = Release|Any CPU
	EndGlobalSection
	GlobalSection(SolutionProperties) = preSolution
		HideSolutionNode = FALSE
	EndGlobalSection
	GlobalSection(ExtensibilityGlobals) = postSolution
		SolutionGuid = {2E64671E-D890-4C26-9F45-029E8B131F59}
	EndGlobalSection
EndGlobal
